// !$*UTF8*$!
{
	archiveVersion = 1;
	classes = {
	};
	objectVersion = 46;
	objects = {

/* Begin PBXBuildFile section */
		C7E4F8041AE1EF25009C5BBD /* AppDelegate.swift in Sources */ = {isa = PBXBuildFile; fileRef = C7E4F8031AE1EF25009C5BBD /* AppDelegate.swift */; };
		C7E4F8061AE1EF25009C5BBD /* ViewController.swift in Sources */ = {isa = PBXBuildFile; fileRef = C7E4F8051AE1EF25009C5BBD /* ViewController.swift */; };
		C7E4F8091AE1EF26009C5BBD /* Main.storyboard in Resources */ = {isa = PBXBuildFile; fileRef = C7E4F8071AE1EF26009C5BBD /* Main.storyboard */; };
		C7E4F80B1AE1EF26009C5BBD /* Images.xcassets in Resources */ = {isa = PBXBuildFile; fileRef = C7E4F80A1AE1EF26009C5BBD /* Images.xcassets */; };
		C7E4F80E1AE1EF26009C5BBD /* LaunchScreen.xib in Resources */ = {isa = PBXBuildFile; fileRef = C7E4F80C1AE1EF26009C5BBD /* LaunchScreen.xib */; };
		C7E4F81A1AE1EF26009C5BBD /* Gautam_MittalTests.swift in Sources */ = {isa = PBXBuildFile; fileRef = C7E4F8191AE1EF26009C5BBD /* Gautam_MittalTests.swift */; };
/* End PBXBuildFile section */

/* Begin PBXContainerItemProxy section */
		C7E4F8141AE1EF26009C5BBD /* PBXContainerItemProxy */ = {
			isa = PBXContainerItemProxy;
			containerPortal = C7E4F7F61AE1EF25009C5BBD /* Project object */;
			proxyType = 1;
			remoteGlobalIDString = C7E4F7FD1AE1EF25009C5BBD;
			remoteInfo = "Gautam Mittal";
		};
/* End PBXContainerItemProxy section */

/* Begin PBXFileReference section */
		C7E4F7FE1AE1EF25009C5BBD /* Gautam Mittal.app */ = {isa = PBXFileReference; explicitFileType = wrapper.application; includeInIndex = 0; path = "Gautam Mittal.app"; sourceTree = BUILT_PRODUCTS_DIR; };
		C7E4F8021AE1EF25009C5BBD /* Info.plist */ = {isa = PBXFileReference; lastKnownFileType = text.plist.xml; path = Info.plist; sourceTree = "<group>"; };
		C7E4F8031AE1EF25009C5BBD /* AppDelegate.swift */ = {isa = PBXFileReference; lastKnownFileType = sourcecode.swift; path = AppDelegate.swift; sourceTree = "<group>"; };
		C7E4F8051AE1EF25009C5BBD /* ViewController.swift */ = {isa = PBXFileReference; lastKnownFileType = sourcecode.swift; path = ViewController.swift; sourceTree = "<group>"; };
		C7E4F8081AE1EF26009C5BBD /* Base */ = {isa = PBXFileReference; lastKnownFileType = file.storyboard; name = Base; path = Base.lproj/Main.storyboard; sourceTree = "<group>"; };
		C7E4F80A1AE1EF26009C5BBD /* Images.xcassets */ = {isa = PBXFileReference; lastKnownFileType = folder.assetcatalog; path = Images.xcassets; sourceTree = "<group>"; };
		C7E4F80D1AE1EF26009C5BBD /* Base */ = {isa = PBXFileReference; lastKnownFileType = file.xib; name = Base; path = Base.lproj/LaunchScreen.xib; sourceTree = "<group>"; };
		C7E4F8131AE1EF26009C5BBD /* Gautam MittalTests.xctest */ = {isa = PBXFileReference; explicitFileType = wrapper.cfbundle; includeInIndex = 0; path = "Gautam MittalTests.xctest"; sourceTree = BUILT_PRODUCTS_DIR; };
		C7E4F8181AE1EF26009C5BBD /* Info.plist */ = {isa = PBXFileReference; lastKnownFileType = text.plist.xml; path = Info.plist; sourceTree = "<group>"; };
		C7E4F8191AE1EF26009C5BBD /* Gautam_MittalTests.swift */ = {isa = PBXFileReference; lastKnownFileType = sourcecode.swift; path = Gautam_MittalTests.swift; sourceTree = "<group>"; };
/* End PBXFileReference section */

/* Begin PBXFrameworksBuildPhase section */
		C7E4F7FB1AE1EF25009C5BBD /* Frameworks */ = {
			isa = PBXFrameworksBuildPhase;
			buildActionMask = 2147483647;
			files = (
			);
			runOnlyForDeploymentPostprocessing = 0;
		};
		C7E4F8101AE1EF26009C5BBD /* Frameworks */ = {
			isa = PBXFrameworksBuildPhase;
			buildActionMask = 2147483647;
			files = (
			);
			runOnlyForDeploymentPostprocessing = 0;
		};
/* End PBXFrameworksBuildPhase section */

/* Begin PBXGroup section */
		C7E4F7F51AE1EF25009C5BBD = {
			isa = PBXGroup;
			children = (
				C7E4F8001AE1EF25009C5BBD /* Gautam Mittal */,
				C7E4F8161AE1EF26009C5BBD /* Gautam MittalTests */,
				C7E4F7FF1AE1EF25009C5BBD /* Products */,
			);
			sourceTree = "<group>";
		};
		C7E4F7FF1AE1EF25009C5BBD /* Products */ = {
			isa = PBXGroup;
			children = (
				C7E4F7FE1AE1EF25009C5BBD /* Gautam Mittal.app */,
				C7E4F8131AE1EF26009C5BBD /* Gautam MittalTests.xctest */,
			);
			name = Products;
			sourceTree = "<group>";
		};
		C7E4F8001AE1EF25009C5BBD /* Gautam Mittal */ = {
			isa = PBXGroup;
			children = (
				C7E4F8031AE1EF25009C5BBD /* AppDelegate.swift */,
				C7E4F8051AE1EF25009C5BBD /* ViewController.swift */,
				C7E4F8071AE1EF26009C5BBD /* Main.storyboard */,
				C7E4F80A1AE1EF26009C5BBD /* Images.xcassets */,
				C7E4F80C1AE1EF26009C5BBD /* LaunchScreen.xib */,
				C7E4F8011AE1EF25009C5BBD /* Supporting Files */,
			);
			path = "Gautam Mittal";
			sourceTree = "<group>";
		};
		C7E4F8011AE1EF25009C5BBD /* Supporting Files */ = {
			isa = PBXGroup;
			children = (
				C7E4F8021AE1EF25009C5BBD /* Info.plist */,
			);
			name = "Supporting Files";
			sourceTree = "<group>";
		};
		C7E4F8161AE1EF26009C5BBD /* Gautam MittalTests */ = {
			isa = PBXGroup;
			children = (
				C7E4F8191AE1EF26009C5BBD /* Gautam_MittalTests.swift */,
				C7E4F8171AE1EF26009C5BBD /* Supporting Files */,
			);
			path = "Gautam MittalTests";
			sourceTree = "<group>";
		};
		C7E4F8171AE1EF26009C5BBD /* Supporting Files */ = {
			isa = PBXGroup;
			children = (
				C7E4F8181AE1EF26009C5BBD /* Info.plist */,
			);
			name = "Supporting Files";
			sourceTree = "<group>";
		};
/* End PBXGroup section */

/* Begin PBXNativeTarget section */
		C7E4F7FD1AE1EF25009C5BBD /* Gautam Mittal */ = {
			isa = PBXNativeTarget;
			buildConfigurationList = C7E4F81D1AE1EF26009C5BBD /* Build configuration list for PBXNativeTarget "Gautam Mittal" */;
			buildPhases = (
				C7E4F7FA1AE1EF25009C5BBD /* Sources */,
				C7E4F7FB1AE1EF25009C5BBD /* Frameworks */,
				C7E4F7FC1AE1EF25009C5BBD /* Resources */,
			);
			buildRules = (
			);
			dependencies = (
			);
			name = "Gautam Mittal";
			productName = "Gautam Mittal";
			productReference = C7E4F7FE1AE1EF25009C5BBD /* Gautam Mittal.app */;
			productType = "com.apple.product-type.application";
		};
		C7E4F8121AE1EF26009C5BBD /* Gautam MittalTests */ = {
			isa = PBXNativeTarget;
			buildConfigurationList = C7E4F8201AE1EF26009C5BBD /* Build configuration list for PBXNativeTarget "Gautam MittalTests" */;
			buildPhases = (
				C7E4F80F1AE1EF26009C5BBD /* Sources */,
				C7E4F8101AE1EF26009C5BBD /* Frameworks */,
				C7E4F8111AE1EF26009C5BBD /* Resources */,
			);
			buildRules = (
			);
			dependencies = (
				C7E4F8151AE1EF26009C5BBD /* PBXTargetDependency */,
			);
			name = "Gautam MittalTests";
			productName = "Gautam MittalTests";
			productReference = C7E4F8131AE1EF26009C5BBD /* Gautam MittalTests.xctest */;
			productType = "com.apple.product-type.bundle.unit-test";
		};
/* End PBXNativeTarget section */

/* Begin PBXProject section */
		C7E4F7F61AE1EF25009C5BBD /* Project object */ = {
			isa = PBXProject;
			attributes = {
				LastUpgradeCheck = 0630;
				ORGANIZATIONNAME = "Gautam Mittal";
				TargetAttributes = {
					C7E4F7FD1AE1EF25009C5BBD = {
						CreatedOnToolsVersion = 6.3;
					};
					C7E4F8121AE1EF26009C5BBD = {
						CreatedOnToolsVersion = 6.3;
						TestTargetID = C7E4F7FD1AE1EF25009C5BBD;
					};
				};
			};
			buildConfigurationList = C7E4F7F91AE1EF25009C5BBD /* Build configuration list for PBXProject "Gautam Mittal" */;
			compatibilityVersion = "Xcode 3.2";
			developmentRegion = English;
			hasScannedForEncodings = 0;
			knownRegions = (
				en,
				Base,
			);
			mainGroup = C7E4F7F51AE1EF25009C5BBD;
			productRefGroup = C7E4F7FF1AE1EF25009C5BBD /* Products */;
			projectDirPath = "";
			projectRoot = "";
			targets = (
				C7E4F7FD1AE1EF25009C5BBD /* Gautam Mittal */,
				C7E4F8121AE1EF26009C5BBD /* Gautam MittalTests */,
			);
		};
/* End PBXProject section */

/* Begin PBXResourcesBuildPhase section */
		C7E4F7FC1AE1EF25009C5BBD /* Resources */ = {
			isa = PBXResourcesBuildPhase;
			buildActionMask = 2147483647;
			files = (
				C7E4F8091AE1EF26009C5BBD /* Main.storyboard in Resources */,
				C7E4F80E1AE1EF26009C5BBD /* LaunchScreen.xib in Resources */,
				C7E4F80B1AE1EF26009C5BBD /* Images.xcassets in Resources */,
			);
			runOnlyForDeploymentPostprocessing = 0;
		};
		C7E4F8111AE1EF26009C5BBD /* Resources */ = {
			isa = PBXResourcesBuildPhase;
			buildActionMask = 2147483647;
			files = (
			);
			runOnlyForDeploymentPostprocessing = 0;
		};
/* End PBXResourcesBuildPhase section */

/* Begin PBXSourcesBuildPhase section */
		C7E4F7FA1AE1EF25009C5BBD /* Sources */ = {
			isa = PBXSourcesBuildPhase;
			buildActionMask = 2147483647;
			files = (
				C7E4F8061AE1EF25009C5BBD /* ViewController.swift in Sources */,
				C7E4F8041AE1EF25009C5BBD /* AppDelegate.swift in Sources */,
			);
			runOnlyForDeploymentPostprocessing = 0;
		};
		C7E4F80F1AE1EF26009C5BBD /* Sources */ = {
			isa = PBXSourcesBuildPhase;
			buildActionMask = 2147483647;
			files = (
				C7E4F81A1AE1EF26009C5BBD /* Gautam_MittalTests.swift in Sources */,
			);
			runOnlyForDeploymentPostprocessing = 0;
		};
/* End PBXSourcesBuildPhase section */

/* Begin PBXTargetDependency section */
		C7E4F8151AE1EF26009C5BBD /* PBXTargetDependency */ = {
			isa = PBXTargetDependency;
			target = C7E4F7FD1AE1EF25009C5BBD /* Gautam Mittal */;
			targetProxy = C7E4F8141AE1EF26009C5BBD /* PBXContainerItemProxy */;
		};
/* End PBXTargetDependency section */

/* Begin PBXVariantGroup section */
		C7E4F8071AE1EF26009C5BBD /* Main.storyboard */ = {
			isa = PBXVariantGroup;
			children = (
				C7E4F8081AE1EF26009C5BBD /* Base */,
			);
			name = Main.storyboard;
			sourceTree = "<group>";
		};
		C7E4F80C1AE1EF26009C5BBD /* LaunchScreen.xib */ = {
			isa = PBXVariantGroup;
			children = (
				C7E4F80D1AE1EF26009C5BBD /* Base */,
			);
			name = LaunchScreen.xib;
			sourceTree = "<group>";
		};
/* End PBXVariantGroup section */

/* Begin XCBuildConfiguration section */
		C7E4F81B1AE1EF26009C5BBD /* Debug */ = {
			isa = XCBuildConfiguration;
			buildSettings = {
				ALWAYS_SEARCH_USER_PATHS = NO;
				CLANG_CXX_LANGUAGE_STANDARD = "gnu++0x";
				CLANG_CXX_LIBRARY = "libc++";
				CLANG_ENABLE_MODULES = YES;
				CLANG_ENABLE_OBJC_ARC = YES;
				CLANG_WARN_BOOL_CONVERSION = YES;
				CLANG_WARN_CONSTANT_CONVERSION = YES;
				CLANG_WARN_DIRECT_OBJC_ISA_USAGE = YES_ERROR;
				CLANG_WARN_EMPTY_BODY = YES;
				CLANG_WARN_ENUM_CONVERSION = YES;
				CLANG_WARN_INT_CONVERSION = YES;
				CLANG_WARN_OBJC_ROOT_CLASS = YES_ERROR;
				CLANG_WARN_UNREACHABLE_CODE = YES;
				CLANG_WARN__DUPLICATE_METHOD_MATCH = YES;
				"CODE_SIGN_IDENTITY[sdk=iphoneos*]" = "iPhone Developer";
				COPY_PHASE_STRIP = NO;
				DEBUG_INFORMATION_FORMAT = "dwarf-with-dsym";
				ENABLE_STRICT_OBJC_MSGSEND = YES;
				GCC_C_LANGUAGE_STANDARD = gnu99;
				GCC_DYNAMIC_NO_PIC = NO;
				GCC_NO_COMMON_BLOCKS = YES;
				GCC_OPTIMIZATION_LEVEL = 0;
				GCC_PREPROCESSOR_DEFINITIONS = (
					"DEBUG=1",
					"$(inherited)",
				);
				GCC_SYMBOLS_PRIVATE_EXTERN = NO;
				GCC_WARN_64_TO_32_BIT_CONVERSION = YES;
				GCC_WARN_ABOUT_RETURN_TYPE = YES_ERROR;
				GCC_WARN_UNDECLARED_SELECTOR = YES;
				GCC_WARN_UNINITIALIZED_AUTOS = YES_AGGRESSIVE;
				GCC_WARN_UNUSED_FUNCTION = YES;
				GCC_WARN_UNUSED_VARIABLE = YES;
				IPHONEOS_DEPLOYMENT_TARGET = 8.3;
				MTL_ENABLE_DEBUG_INFO = YES;
				ONLY_ACTIVE_ARCH = YES;
				SDKROOT = iphoneos;
				SWIFT_OPTIMIZATION_LEVEL = "-Onone";
			};
			name = Debug;
		};
		C7E4F81C1AE1EF26009C5BBD /* Release */ = {
			isa = XCBuildConfiguration;
			buildSettings = {
				ALWAYS_SEARCH_USER_PATHS = NO;
				CLANG_CXX_LANGUAGE_STANDARD = "gnu++0x";
				CLANG_CXX_LIBRARY = "libc++";
				CLANG_ENABLE_MODULES = YES;
				CLANG_ENABLE_OBJC_ARC = YES;
				CLANG_WARN_BOOL_CONVERSION = YES;
				CLANG_WARN_CONSTANT_CONVERSION = YES;
				CLANG_WARN_DIRECT_OBJC_ISA_USAGE = YES_ERROR;
				CLANG_WARN_EMPTY_BODY = YES;
				CLANG_WARN_ENUM_CONVERSION = YES;
				CLANG_WARN_INT_CONVERSION = YES;
				CLANG_WARN_OBJC_ROOT_CLASS = YES_ERROR;
				CLANG_WARN_UNREACHABLE_CODE = YES;
				CLANG_WARN__DUPLICATE_METHOD_MATCH = YES;
				"CODE_SIGN_IDENTITY[sdk=iphoneos*]" = "iPhone Developer";
				COPY_PHASE_STRIP = NO;
				DEBUG_INFORMATION_FORMAT = "dwarf-with-dsym";
				ENABLE_NS_ASSERTIONS = NO;
				ENABLE_STRICT_OBJC_MSGSEND = YES;
				GCC_C_LANGUAGE_STANDARD = gnu99;
				GCC_NO_COMMON_BLOCKS = YES;
				GCC_WARN_64_TO_32_BIT_CONVERSION = YES;
				GCC_WARN_ABOUT_RETURN_TYPE = YES_ERROR;
				GCC_WARN_UNDECLARED_SELECTOR = YES;
				GCC_WARN_UNINITIALIZED_AUTOS = YES_AGGRESSIVE;
				GCC_WARN_UNUSED_FUNCTION = YES;
				GCC_WARN_UNUSED_VARIABLE = YES;
				IPHONEOS_DEPLOYMENT_TARGET = 8.3;
				MTL_ENABLE_DEBUG_INFO = NO;
				SDKROOT = iphoneos;
				VALIDATE_PRODUCT = YES;
			};
			name = Release;
		};
		C7E4F81E1AE1EF26009C5BBD /* Debug */ = {
			isa = XCBuildConfiguration;
			buildSettings = {
				ASSETCATALOG_COMPILER_APPICON_NAME = AppIcon;
				INFOPLIST_FILE = "Gautam Mittal/Info.plist";
				LD_RUNPATH_SEARCH_PATHS = "$(inherited) @executable_path/Frameworks";
				PRODUCT_NAME = "$(TARGET_NAME)";
			};
			name = Debug;
		};
		C7E4F81F1AE1EF26009C5BBD /* Release */ = {
			isa = XCBuildConfiguration;
			buildSettings = {
				ASSETCATALOG_COMPILER_APPICON_NAME = AppIcon;
				INFOPLIST_FILE = "Gautam Mittal/Info.plist";
				LD_RUNPATH_SEARCH_PATHS = "$(inherited) @executable_path/Frameworks";
				PRODUCT_NAME = "$(TARGET_NAME)";
			};
			name = Release;
		};
		C7E4F8211AE1EF26009C5BBD /* Debug */ = {
			isa = XCBuildConfiguration;
			buildSettings = {
				BUNDLE_LOADER = "$(TEST_HOST)";
				FRAMEWORK_SEARCH_PATHS = (
					"$(SDKROOT)/Developer/Library/Frameworks",
					"$(inherited)",
				);
				GCC_PREPROCESSOR_DEFINITIONS = (
					"DEBUG=1",
					"$(inherited)",
				);
				INFOPLIST_FILE = "Gautam MittalTests/Info.plist";
				LD_RUNPATH_SEARCH_PATHS = "$(inherited) @executable_path/Frameworks @loader_path/Frameworks";
				PRODUCT_NAME = "$(TARGET_NAME)";
				TEST_HOST = "$(BUILT_PRODUCTS_DIR)/Gautam Mittal.app/Gautam Mittal";
			};
			name = Debug;
		};
		C7E4F8221AE1EF26009C5BBD /* Release */ = {
			isa = XCBuildConfiguration;
			buildSettings = {
				BUNDLE_LOADER = "$(TEST_HOST)";
				FRAMEWORK_SEARCH_PATHS = (
					"$(SDKROOT)/Developer/Library/Frameworks",
					"$(inherited)",
				);
				INFOPLIST_FILE = "Gautam MittalTests/Info.plist";
				LD_RUNPATH_SEARCH_PATHS = "$(inherited) @executable_path/Frameworks @loader_path/Frameworks";
				PRODUCT_NAME = "$(TARGET_NAME)";
				TEST_HOST = "$(BUILT_PRODUCTS_DIR)/Gautam Mittal.app/Gautam Mittal";
			};
			name = Release;
		};
/* End XCBuildConfiguration section */

/* Begin XCConfigurationList section */
		C7E4F7F91AE1EF25009C5BBD /* Build configuration list for PBXProject "Gautam Mittal" */ = {
			isa = XCConfigurationList;
			buildConfigurations = (
				C7E4F81B1AE1EF26009C5BBD /* Debug */,
				C7E4F81C1AE1EF26009C5BBD /* Release */,
			);
			defaultConfigurationIsVisible = 0;
			defaultConfigurationName = Release;
		};
		C7E4F81D1AE1EF26009C5BBD /* Build configuration list for PBXNativeTarget "Gautam Mittal" */ = {
			isa = XCConfigurationList;
			buildConfigurations = (
				C7E4F81E1AE1EF26009C5BBD /* Debug */,
				C7E4F81F1AE1EF26009C5BBD /* Release */,
			);
			defaultConfigurationIsVisible = 0;
		};
		C7E4F8201AE1EF26009C5BBD /* Build configuration list for PBXNativeTarget "Gautam MittalTests" */ = {
			isa = XCConfigurationList;
			buildConfigurations = (
				C7E4F8211AE1EF26009C5BBD /* Debug */,
				C7E4F8221AE1EF26009C5BBD /* Release */,
			);
			defaultConfigurationIsVisible = 0;
		};
/* End XCConfigurationList section */
	};
	rootObject = C7E4F7F61AE1EF25009C5BBD /* Project object */;
}
