// !$*UTF8*$!
{
	archiveVersion = 1;
	classes = {
	};
	objectVersion = 46;
	objects = {

/* Begin PBXBuildFile section */
		946B7862384D95A34E048D7B /* libPods-Gautam Mittal.a in Frameworks */ = {isa = PBXBuildFile; fileRef = DA2DE4BD251DF7DCDA6FCA46 /* libPods-Gautam Mittal.a */; };
		C7817A921AEBDF39008ACECC /* AboutViewController.swift in Sources */ = {isa = PBXBuildFile; fileRef = C7817A911AEBDF39008ACECC /* AboutViewController.swift */; };
		C7817A941AEBE95B008ACECC /* ProjectViewController.swift in Sources */ = {isa = PBXBuildFile; fileRef = C7817A931AEBE95B008ACECC /* ProjectViewController.swift */; };
		C7817A961AEBFA36008ACECC /* PlaygroundViewController.swift in Sources */ = {isa = PBXBuildFile; fileRef = C7817A951AEBFA36008ACECC /* PlaygroundViewController.swift */; };
		C7817A981AEBFA7F008ACECC /* InterestsViewController.swift in Sources */ = {isa = PBXBuildFile; fileRef = C7817A971AEBFA7F008ACECC /* InterestsViewController.swift */; };
		C7817A9A1AEBFAC0008ACECC /* SkillsViewController.swift in Sources */ = {isa = PBXBuildFile; fileRef = C7817A991AEBFAC0008ACECC /* SkillsViewController.swift */; };
		C798762D1AE6FD7C0078B3C1 /* AppDelegate.swift in Sources */ = {isa = PBXBuildFile; fileRef = C798762C1AE6FD7C0078B3C1 /* AppDelegate.swift */; };
		C798762F1AE6FD7C0078B3C1 /* FirstViewController.swift in Sources */ = {isa = PBXBuildFile; fileRef = C798762E1AE6FD7C0078B3C1 /* FirstViewController.swift */; };
		C79876341AE6FD7C0078B3C1 /* Main.storyboard in Resources */ = {isa = PBXBuildFile; fileRef = C79876321AE6FD7C0078B3C1 /* Main.storyboard */; };
		C79876361AE6FD7C0078B3C1 /* Images.xcassets in Resources */ = {isa = PBXBuildFile; fileRef = C79876351AE6FD7C0078B3C1 /* Images.xcassets */; };
		C79876391AE6FD7C0078B3C1 /* LaunchScreen.xib in Resources */ = {isa = PBXBuildFile; fileRef = C79876371AE6FD7C0078B3C1 /* LaunchScreen.xib */; };
		C79876451AE6FD7C0078B3C1 /* Gautam_MittalTests.swift in Sources */ = {isa = PBXBuildFile; fileRef = C79876441AE6FD7C0078B3C1 /* Gautam_MittalTests.swift */; };
/* End PBXBuildFile section */

/* Begin PBXContainerItemProxy section */
		C798763F1AE6FD7C0078B3C1 /* PBXContainerItemProxy */ = {
			isa = PBXContainerItemProxy;
			containerPortal = C798761F1AE6FD7C0078B3C1 /* Project object */;
			proxyType = 1;
			remoteGlobalIDString = C79876261AE6FD7C0078B3C1;
			remoteInfo = "Gautam Mittal";
		};
/* End PBXContainerItemProxy section */

/* Begin PBXFileReference section */
		BD8EA25215B5355261084C89 /* Pods-Gautam Mittal.release.xcconfig */ = {isa = PBXFileReference; includeInIndex = 1; lastKnownFileType = text.xcconfig; name = "Pods-Gautam Mittal.release.xcconfig"; path = "Pods/Target Support Files/Pods-Gautam Mittal/Pods-Gautam Mittal.release.xcconfig"; sourceTree = "<group>"; };
		BE66BE18D00202DE80CC4E76 /* Pods-Gautam Mittal.debug.xcconfig */ = {isa = PBXFileReference; includeInIndex = 1; lastKnownFileType = text.xcconfig; name = "Pods-Gautam Mittal.debug.xcconfig"; path = "Pods/Target Support Files/Pods-Gautam Mittal/Pods-Gautam Mittal.debug.xcconfig"; sourceTree = "<group>"; };
		C7817A911AEBDF39008ACECC /* AboutViewController.swift */ = {isa = PBXFileReference; fileEncoding = 4; lastKnownFileType = sourcecode.swift; path = AboutViewController.swift; sourceTree = "<group>"; };
		C7817A931AEBE95B008ACECC /* ProjectViewController.swift */ = {isa = PBXFileReference; fileEncoding = 4; lastKnownFileType = sourcecode.swift; path = ProjectViewController.swift; sourceTree = "<group>"; };
		C7817A951AEBFA36008ACECC /* PlaygroundViewController.swift */ = {isa = PBXFileReference; fileEncoding = 4; lastKnownFileType = sourcecode.swift; path = PlaygroundViewController.swift; sourceTree = "<group>"; };
		C7817A971AEBFA7F008ACECC /* InterestsViewController.swift */ = {isa = PBXFileReference; fileEncoding = 4; lastKnownFileType = sourcecode.swift; path = InterestsViewController.swift; sourceTree = "<group>"; };
		C7817A991AEBFAC0008ACECC /* SkillsViewController.swift */ = {isa = PBXFileReference; fileEncoding = 4; lastKnownFileType = sourcecode.swift; path = SkillsViewController.swift; sourceTree = "<group>"; };
		C79876271AE6FD7C0078B3C1 /* Gautam Mittal.app */ = {isa = PBXFileReference; explicitFileType = wrapper.application; includeInIndex = 0; path = "Gautam Mittal.app"; sourceTree = BUILT_PRODUCTS_DIR; };
		C798762B1AE6FD7C0078B3C1 /* Info.plist */ = {isa = PBXFileReference; lastKnownFileType = text.plist.xml; path = Info.plist; sourceTree = "<group>"; };
		C798762C1AE6FD7C0078B3C1 /* AppDelegate.swift */ = {isa = PBXFileReference; lastKnownFileType = sourcecode.swift; path = AppDelegate.swift; sourceTree = "<group>"; };
		C798762E1AE6FD7C0078B3C1 /* FirstViewController.swift */ = {isa = PBXFileReference; lastKnownFileType = sourcecode.swift; path = FirstViewController.swift; sourceTree = "<group>"; };
		C79876331AE6FD7C0078B3C1 /* Base */ = {isa = PBXFileReference; lastKnownFileType = file.storyboard; name = Base; path = Base.lproj/Main.storyboard; sourceTree = "<group>"; };
		C79876351AE6FD7C0078B3C1 /* Images.xcassets */ = {isa = PBXFileReference; lastKnownFileType = folder.assetcatalog; path = Images.xcassets; sourceTree = "<group>"; };
		C79876381AE6FD7C0078B3C1 /* Base */ = {isa = PBXFileReference; lastKnownFileType = file.xib; name = Base; path = Base.lproj/LaunchScreen.xib; sourceTree = "<group>"; };
		C798763E1AE6FD7C0078B3C1 /* Gautam MittalTests.xctest */ = {isa = PBXFileReference; explicitFileType = wrapper.cfbundle; includeInIndex = 0; path = "Gautam MittalTests.xctest"; sourceTree = BUILT_PRODUCTS_DIR; };
		C79876431AE6FD7C0078B3C1 /* Info.plist */ = {isa = PBXFileReference; lastKnownFileType = text.plist.xml; path = Info.plist; sourceTree = "<group>"; };
		C79876441AE6FD7C0078B3C1 /* Gautam_MittalTests.swift */ = {isa = PBXFileReference; lastKnownFileType = sourcecode.swift; path = Gautam_MittalTests.swift; sourceTree = "<group>"; };
		DA2DE4BD251DF7DCDA6FCA46 /* libPods-Gautam Mittal.a */ = {isa = PBXFileReference; explicitFileType = archive.ar; includeInIndex = 0; path = "libPods-Gautam Mittal.a"; sourceTree = BUILT_PRODUCTS_DIR; };
/* End PBXFileReference section */

/* Begin PBXFrameworksBuildPhase section */
		C79876241AE6FD7C0078B3C1 /* Frameworks */ = {
			isa = PBXFrameworksBuildPhase;
			buildActionMask = 2147483647;
			files = (
				946B7862384D95A34E048D7B /* libPods-Gautam Mittal.a in Frameworks */,
			);
			runOnlyForDeploymentPostprocessing = 0;
		};
		C798763B1AE6FD7C0078B3C1 /* Frameworks */ = {
			isa = PBXFrameworksBuildPhase;
			buildActionMask = 2147483647;
			files = (
			);
			runOnlyForDeploymentPostprocessing = 0;
		};
/* End PBXFrameworksBuildPhase section */

/* Begin PBXGroup section */
		A3F5DEC5E88346AF3A826BB3 /* Pods */ = {
			isa = PBXGroup;
			children = (
				BE66BE18D00202DE80CC4E76 /* Pods-Gautam Mittal.debug.xcconfig */,
				BD8EA25215B5355261084C89 /* Pods-Gautam Mittal.release.xcconfig */,
			);
			name = Pods;
			sourceTree = "<group>";
		};
		C798761E1AE6FD7C0078B3C1 = {
			isa = PBXGroup;
			children = (
				C79876291AE6FD7C0078B3C1 /* Gautam Mittal */,
				C79876411AE6FD7C0078B3C1 /* Gautam MittalTests */,
				C79876281AE6FD7C0078B3C1 /* Products */,
				A3F5DEC5E88346AF3A826BB3 /* Pods */,
				E65EC07B881073B2DF10840F /* Frameworks */,
			);
			sourceTree = "<group>";
		};
		C79876281AE6FD7C0078B3C1 /* Products */ = {
			isa = PBXGroup;
			children = (
				C79876271AE6FD7C0078B3C1 /* Gautam Mittal.app */,
				C798763E1AE6FD7C0078B3C1 /* Gautam MittalTests.xctest */,
			);
			name = Products;
			sourceTree = "<group>";
		};
		C79876291AE6FD7C0078B3C1 /* Gautam Mittal */ = {
			isa = PBXGroup;
			children = (
				C798762C1AE6FD7C0078B3C1 /* AppDelegate.swift */,
				C798762E1AE6FD7C0078B3C1 /* FirstViewController.swift */,
				C7817A911AEBDF39008ACECC /* AboutViewController.swift */,
				C7817A931AEBE95B008ACECC /* ProjectViewController.swift */,
				C7817A951AEBFA36008ACECC /* PlaygroundViewController.swift */,
				C7817A971AEBFA7F008ACECC /* InterestsViewController.swift */,
				C7817A991AEBFAC0008ACECC /* SkillsViewController.swift */,
				C79876321AE6FD7C0078B3C1 /* Main.storyboard */,
				C79876351AE6FD7C0078B3C1 /* Images.xcassets */,
				C79876371AE6FD7C0078B3C1 /* LaunchScreen.xib */,
				C798762A1AE6FD7C0078B3C1 /* Supporting Files */,
			);
			path = "Gautam Mittal";
			sourceTree = "<group>";
		};
		C798762A1AE6FD7C0078B3C1 /* Supporting Files */ = {
			isa = PBXGroup;
			children = (
				C798762B1AE6FD7C0078B3C1 /* Info.plist */,
			);
			name = "Supporting Files";
			sourceTree = "<group>";
		};
		C79876411AE6FD7C0078B3C1 /* Gautam MittalTests */ = {
			isa = PBXGroup;
			children = (
				C79876441AE6FD7C0078B3C1 /* Gautam_MittalTests.swift */,
				C79876421AE6FD7C0078B3C1 /* Supporting Files */,
			);
			path = "Gautam MittalTests";
			sourceTree = "<group>";
		};
		C79876421AE6FD7C0078B3C1 /* Supporting Files */ = {
			isa = PBXGroup;
			children = (
				C79876431AE6FD7C0078B3C1 /* Info.plist */,
			);
			name = "Supporting Files";
			sourceTree = "<group>";
		};
		E65EC07B881073B2DF10840F /* Frameworks */ = {
			isa = PBXGroup;
			children = (
				DA2DE4BD251DF7DCDA6FCA46 /* libPods-Gautam Mittal.a */,
			);
			name = Frameworks;
			sourceTree = "<group>";
		};
/* End PBXGroup section */

/* Begin PBXNativeTarget section */
		C79876261AE6FD7C0078B3C1 /* Gautam Mittal */ = {
			isa = PBXNativeTarget;
			buildConfigurationList = C79876481AE6FD7C0078B3C1 /* Build configuration list for PBXNativeTarget "Gautam Mittal" */;
			buildPhases = (
				5C1AF3278B7FF65F5D7C3054 /* Check Pods Manifest.lock */,
				C79876231AE6FD7C0078B3C1 /* Sources */,
				C79876241AE6FD7C0078B3C1 /* Frameworks */,
				C79876251AE6FD7C0078B3C1 /* Resources */,
				9F42B109406289EFD0C67147 /* Copy Pods Resources */,
			);
			buildRules = (
			);
			dependencies = (
			);
			name = "Gautam Mittal";
			productName = "Gautam Mittal";
			productReference = C79876271AE6FD7C0078B3C1 /* Gautam Mittal.app */;
			productType = "com.apple.product-type.application";
		};
		C798763D1AE6FD7C0078B3C1 /* Gautam MittalTests */ = {
			isa = PBXNativeTarget;
			buildConfigurationList = C798764B1AE6FD7C0078B3C1 /* Build configuration list for PBXNativeTarget "Gautam MittalTests" */;
			buildPhases = (
				C798763A1AE6FD7C0078B3C1 /* Sources */,
				C798763B1AE6FD7C0078B3C1 /* Frameworks */,
				C798763C1AE6FD7C0078B3C1 /* Resources */,
			);
			buildRules = (
			);
			dependencies = (
				C79876401AE6FD7C0078B3C1 /* PBXTargetDependency */,
			);
			name = "Gautam MittalTests";
			productName = "Gautam MittalTests";
			productReference = C798763E1AE6FD7C0078B3C1 /* Gautam MittalTests.xctest */;
			productType = "com.apple.product-type.bundle.unit-test";
		};
/* End PBXNativeTarget section */

/* Begin PBXProject section */
		C798761F1AE6FD7C0078B3C1 /* Project object */ = {
			isa = PBXProject;
			attributes = {
				LastUpgradeCheck = 0630;
				ORGANIZATIONNAME = "Gautam Mittal";
				TargetAttributes = {
					C79876261AE6FD7C0078B3C1 = {
						CreatedOnToolsVersion = 6.3;
						DevelopmentTeam = BJG88PA8FQ;
					};
					C798763D1AE6FD7C0078B3C1 = {
						CreatedOnToolsVersion = 6.3;
						TestTargetID = C79876261AE6FD7C0078B3C1;
					};
				};
			};
			buildConfigurationList = C79876221AE6FD7C0078B3C1 /* Build configuration list for PBXProject "Gautam Mittal" */;
			compatibilityVersion = "Xcode 3.2";
			developmentRegion = English;
			hasScannedForEncodings = 0;
			knownRegions = (
				en,
				Base,
			);
			mainGroup = C798761E1AE6FD7C0078B3C1;
			productRefGroup = C79876281AE6FD7C0078B3C1 /* Products */;
			projectDirPath = "";
			projectRoot = "";
			targets = (
				C79876261AE6FD7C0078B3C1 /* Gautam Mittal */,
				C798763D1AE6FD7C0078B3C1 /* Gautam MittalTests */,
			);
		};
/* End PBXProject section */

/* Begin PBXResourcesBuildPhase section */
		C79876251AE6FD7C0078B3C1 /* Resources */ = {
			isa = PBXResourcesBuildPhase;
			buildActionMask = 2147483647;
			files = (
				C79876341AE6FD7C0078B3C1 /* Main.storyboard in Resources */,
				C79876391AE6FD7C0078B3C1 /* LaunchScreen.xib in Resources */,
				C79876361AE6FD7C0078B3C1 /* Images.xcassets in Resources */,
			);
			runOnlyForDeploymentPostprocessing = 0;
		};
		C798763C1AE6FD7C0078B3C1 /* Resources */ = {
			isa = PBXResourcesBuildPhase;
			buildActionMask = 2147483647;
			files = (
			);
			runOnlyForDeploymentPostprocessing = 0;
		};
/* End PBXResourcesBuildPhase section */

/* Begin PBXShellScriptBuildPhase section */
		5C1AF3278B7FF65F5D7C3054 /* Check Pods Manifest.lock */ = {
			isa = PBXShellScriptBuildPhase;
			buildActionMask = 2147483647;
			files = (
			);
			inputPaths = (
			);
			name = "Check Pods Manifest.lock";
			outputPaths = (
			);
			runOnlyForDeploymentPostprocessing = 0;
			shellPath = /bin/sh;
			shellScript = "diff \"${PODS_ROOT}/../Podfile.lock\" \"${PODS_ROOT}/Manifest.lock\" > /dev/null\nif [[ $? != 0 ]] ; then\n    cat << EOM\nerror: The sandbox is not in sync with the Podfile.lock. Run 'pod install' or update your CocoaPods installation.\nEOM\n    exit 1\nfi\n";
			showEnvVarsInLog = 0;
		};
		9F42B109406289EFD0C67147 /* Copy Pods Resources */ = {
			isa = PBXShellScriptBuildPhase;
			buildActionMask = 2147483647;
			files = (
			);
			inputPaths = (
			);
			name = "Copy Pods Resources";
			outputPaths = (
			);
			runOnlyForDeploymentPostprocessing = 0;
			shellPath = /bin/sh;
			shellScript = "\"${SRCROOT}/Pods/Target Support Files/Pods-Gautam Mittal/Pods-Gautam Mittal-resources.sh\"\n";
			showEnvVarsInLog = 0;
		};
/* End PBXShellScriptBuildPhase section */

/* Begin PBXSourcesBuildPhase section */
		C79876231AE6FD7C0078B3C1 /* Sources */ = {
			isa = PBXSourcesBuildPhase;
			buildActionMask = 2147483647;
			files = (
				C7817A941AEBE95B008ACECC /* ProjectViewController.swift in Sources */,
				C7817A921AEBDF39008ACECC /* AboutViewController.swift in Sources */,
				C798762D1AE6FD7C0078B3C1 /* AppDelegate.swift in Sources */,
				C7817A961AEBFA36008ACECC /* PlaygroundViewController.swift in Sources */,
				C7817A9A1AEBFAC0008ACECC /* SkillsViewController.swift in Sources */,
				C7817A981AEBFA7F008ACECC /* InterestsViewController.swift in Sources */,
				C798762F1AE6FD7C0078B3C1 /* FirstViewController.swift in Sources */,
			);
			runOnlyForDeploymentPostprocessing = 0;
		};
		C798763A1AE6FD7C0078B3C1 /* Sources */ = {
			isa = PBXSourcesBuildPhase;
			buildActionMask = 2147483647;
			files = (
				C79876451AE6FD7C0078B3C1 /* Gautam_MittalTests.swift in Sources */,
			);
			runOnlyForDeploymentPostprocessing = 0;
		};
/* End PBXSourcesBuildPhase section */

/* Begin PBXTargetDependency section */
		C79876401AE6FD7C0078B3C1 /* PBXTargetDependency */ = {
			isa = PBXTargetDependency;
			target = C79876261AE6FD7C0078B3C1 /* Gautam Mittal */;
			targetProxy = C798763F1AE6FD7C0078B3C1 /* PBXContainerItemProxy */;
		};
/* End PBXTargetDependency section */

/* Begin PBXVariantGroup section */
		C79876321AE6FD7C0078B3C1 /* Main.storyboard */ = {
			isa = PBXVariantGroup;
			children = (
				C79876331AE6FD7C0078B3C1 /* Base */,
			);
			name = Main.storyboard;
			sourceTree = "<group>";
		};
		C79876371AE6FD7C0078B3C1 /* LaunchScreen.xib */ = {
			isa = PBXVariantGroup;
			children = (
				C79876381AE6FD7C0078B3C1 /* Base */,
			);
			name = LaunchScreen.xib;
			sourceTree = "<group>";
		};
/* End PBXVariantGroup section */

/* Begin XCBuildConfiguration section */
		C79876461AE6FD7C0078B3C1 /* Debug */ = {
			isa = XCBuildConfiguration;
			buildSettings = {
				ALWAYS_SEARCH_USER_PATHS = NO;
				CLANG_CXX_LANGUAGE_STANDARD = "gnu++0x";
				CLANG_CXX_LIBRARY = "libc++";
				CLANG_ENABLE_MODULES = YES;
				CLANG_ENABLE_OBJC_ARC = YES;
				CLANG_WARN_BOOL_CONVERSION = YES;
				CLANG_WARN_CONSTANT_CONVERSION = YES;
				CLANG_WARN_DIRECT_OBJC_ISA_USAGE = YES_ERROR;
				CLANG_WARN_EMPTY_BODY = YES;
				CLANG_WARN_ENUM_CONVERSION = YES;
				CLANG_WARN_INT_CONVERSION = YES;
				CLANG_WARN_OBJC_ROOT_CLASS = YES_ERROR;
				CLANG_WARN_UNREACHABLE_CODE = YES;
				CLANG_WARN__DUPLICATE_METHOD_MATCH = YES;
				"CODE_SIGN_IDENTITY[sdk=iphoneos*]" = "iPhone Developer";
				COPY_PHASE_STRIP = NO;
				DEBUG_INFORMATION_FORMAT = "dwarf-with-dsym";
				ENABLE_STRICT_OBJC_MSGSEND = YES;
				GCC_C_LANGUAGE_STANDARD = gnu99;
				GCC_DYNAMIC_NO_PIC = NO;
				GCC_NO_COMMON_BLOCKS = YES;
				GCC_OPTIMIZATION_LEVEL = 0;
				GCC_PREPROCESSOR_DEFINITIONS = (
					"DEBUG=1",
					"$(inherited)",
				);
				GCC_SYMBOLS_PRIVATE_EXTERN = NO;
				GCC_WARN_64_TO_32_BIT_CONVERSION = YES;
				GCC_WARN_ABOUT_RETURN_TYPE = YES_ERROR;
				GCC_WARN_UNDECLARED_SELECTOR = YES;
				GCC_WARN_UNINITIALIZED_AUTOS = YES_AGGRESSIVE;
				GCC_WARN_UNUSED_FUNCTION = YES;
				GCC_WARN_UNUSED_VARIABLE = YES;
				IPHONEOS_DEPLOYMENT_TARGET = 8.3;
				MTL_ENABLE_DEBUG_INFO = YES;
				ONLY_ACTIVE_ARCH = YES;
				SDKROOT = iphoneos;
				SWIFT_OPTIMIZATION_LEVEL = "-Onone";
			};
			name = Debug;
		};
		C79876471AE6FD7C0078B3C1 /* Release */ = {
			isa = XCBuildConfiguration;
			buildSettings = {
				ALWAYS_SEARCH_USER_PATHS = NO;
				CLANG_CXX_LANGUAGE_STANDARD = "gnu++0x";
				CLANG_CXX_LIBRARY = "libc++";
				CLANG_ENABLE_MODULES = YES;
				CLANG_ENABLE_OBJC_ARC = YES;
				CLANG_WARN_BOOL_CONVERSION = YES;
				CLANG_WARN_CONSTANT_CONVERSION = YES;
				CLANG_WARN_DIRECT_OBJC_ISA_USAGE = YES_ERROR;
				CLANG_WARN_EMPTY_BODY = YES;
				CLANG_WARN_ENUM_CONVERSION = YES;
				CLANG_WARN_INT_CONVERSION = YES;
				CLANG_WARN_OBJC_ROOT_CLASS = YES_ERROR;
				CLANG_WARN_UNREACHABLE_CODE = YES;
				CLANG_WARN__DUPLICATE_METHOD_MATCH = YES;
				"CODE_SIGN_IDENTITY[sdk=iphoneos*]" = "iPhone Developer";
				COPY_PHASE_STRIP = NO;
				DEBUG_INFORMATION_FORMAT = "dwarf-with-dsym";
				ENABLE_NS_ASSERTIONS = NO;
				ENABLE_STRICT_OBJC_MSGSEND = YES;
				GCC_C_LANGUAGE_STANDARD = gnu99;
				GCC_NO_COMMON_BLOCKS = YES;
				GCC_WARN_64_TO_32_BIT_CONVERSION = YES;
				GCC_WARN_ABOUT_RETURN_TYPE = YES_ERROR;
				GCC_WARN_UNDECLARED_SELECTOR = YES;
				GCC_WARN_UNINITIALIZED_AUTOS = YES_AGGRESSIVE;
				GCC_WARN_UNUSED_FUNCTION = YES;
				GCC_WARN_UNUSED_VARIABLE = YES;
				IPHONEOS_DEPLOYMENT_TARGET = 8.3;
				MTL_ENABLE_DEBUG_INFO = NO;
				SDKROOT = iphoneos;
				VALIDATE_PRODUCT = YES;
			};
			name = Release;
		};
		C79876491AE6FD7C0078B3C1 /* Debug */ = {
			isa = XCBuildConfiguration;
			baseConfigurationReference = BE66BE18D00202DE80CC4E76 /* Pods-Gautam Mittal.debug.xcconfig */;
			buildSettings = {
				ASSETCATALOG_COMPILER_APPICON_NAME = AppIcon;
				CODE_SIGN_IDENTITY = "iPhone Developer";
				INFOPLIST_FILE = "Gautam Mittal/Info.plist";
				IPHONEOS_DEPLOYMENT_TARGET = 8.0;
				LD_RUNPATH_SEARCH_PATHS = "$(inherited) @executable_path/Frameworks";
				PRODUCT_NAME = "$(TARGET_NAME)";
			};
			name = Debug;
		};
		C798764A1AE6FD7C0078B3C1 /* Release */ = {
			isa = XCBuildConfiguration;
			baseConfigurationReference = BD8EA25215B5355261084C89 /* Pods-Gautam Mittal.release.xcconfig */;
			buildSettings = {
				ASSETCATALOG_COMPILER_APPICON_NAME = AppIcon;
				CODE_SIGN_IDENTITY = "iPhone Developer";
				INFOPLIST_FILE = "Gautam Mittal/Info.plist";
				IPHONEOS_DEPLOYMENT_TARGET = 8.0;
				LD_RUNPATH_SEARCH_PATHS = "$(inherited) @executable_path/Frameworks";
				PRODUCT_NAME = "$(TARGET_NAME)";
			};
			name = Release;
		};
		C798764C1AE6FD7C0078B3C1 /* Debug */ = {
			isa = XCBuildConfiguration;
			buildSettings = {
				BUNDLE_LOADER = "$(TEST_HOST)";
				FRAMEWORK_SEARCH_PATHS = (
					"$(SDKROOT)/Developer/Library/Frameworks",
					"$(inherited)",
				);
				GCC_PREPROCESSOR_DEFINITIONS = (
					"DEBUG=1",
					"$(inherited)",
				);
				INFOPLIST_FILE = "Gautam MittalTests/Info.plist";
				LD_RUNPATH_SEARCH_PATHS = "$(inherited) @executable_path/Frameworks @loader_path/Frameworks";
				PRODUCT_NAME = "$(TARGET_NAME)";
				TEST_HOST = "$(BUILT_PRODUCTS_DIR)/Gautam Mittal.app/Gautam Mittal";
			};
			name = Debug;
		};
		C798764D1AE6FD7C0078B3C1 /* Release */ = {
			isa = XCBuildConfiguration;
			buildSettings = {
				BUNDLE_LOADER = "$(TEST_HOST)";
				FRAMEWORK_SEARCH_PATHS = (
					"$(SDKROOT)/Developer/Library/Frameworks",
					"$(inherited)",
				);
				INFOPLIST_FILE = "Gautam MittalTests/Info.plist";
				LD_RUNPATH_SEARCH_PATHS = "$(inherited) @executable_path/Frameworks @loader_path/Frameworks";
				PRODUCT_NAME = "$(TARGET_NAME)";
				TEST_HOST = "$(BUILT_PRODUCTS_DIR)/Gautam Mittal.app/Gautam Mittal";
			};
			name = Release;
		};
/* End XCBuildConfiguration section */

/* Begin XCConfigurationList section */
		C79876221AE6FD7C0078B3C1 /* Build configuration list for PBXProject "Gautam Mittal" */ = {
			isa = XCConfigurationList;
			buildConfigurations = (
				C79876461AE6FD7C0078B3C1 /* Debug */,
				C79876471AE6FD7C0078B3C1 /* Release */,
			);
			defaultConfigurationIsVisible = 0;
			defaultConfigurationName = Release;
		};
		C79876481AE6FD7C0078B3C1 /* Build configuration list for PBXNativeTarget "Gautam Mittal" */ = {
			isa = XCConfigurationList;
			buildConfigurations = (
				C79876491AE6FD7C0078B3C1 /* Debug */,
				C798764A1AE6FD7C0078B3C1 /* Release */,
			);
			defaultConfigurationIsVisible = 0;
			defaultConfigurationName = Release;
		};
		C798764B1AE6FD7C0078B3C1 /* Build configuration list for PBXNativeTarget "Gautam MittalTests" */ = {
			isa = XCConfigurationList;
			buildConfigurations = (
				C798764C1AE6FD7C0078B3C1 /* Debug */,
				C798764D1AE6FD7C0078B3C1 /* Release */,
			);
			defaultConfigurationIsVisible = 0;
			defaultConfigurationName = Release;
		};
/* End XCConfigurationList section */
	};
	rootObject = C798761F1AE6FD7C0078B3C1 /* Project object */;
}
